<?xml version="1.0" encoding="UTF-8"?>
<CONFIG>
  <ProjectOptions>
    <Version Value="11"/>
    <General>
      <SessionStorage Value="InProjectDir"/>
      <MainUnit Value="0"/>
      <Title Value="Cluster_PDV"/>
      <Scaled Value="True"/>
      <ResourceType Value="res"/>
      <UseXPManifest Value="True"/>
      <XPManifest>
        <DpiAware Value="True"/>
        <ExecutionLevel Value="requireAdministrator"/>
        <TextName Value="EMS.Cluster.PDV"/>
        <TextDesc Value="Cluster ERP"/>
      </XPManifest>
      <Icon Value="0"/>
    </General>
    <BuildModes Count="1">
      <Item1 Name="Default" Default="True"/>
    </BuildModes>
    <PublishOptions>
      <Version Value="2"/>
      <UseFileFilters Value="True"/>
    </PublishOptions>
    <RunParams>
      <FormatVersion Value="2"/>
      <Modes Count="0"/>
    </RunParams>
    <RequiredPackages Count="14">
      <Item1>
        <PackageName Value="SynEdit"/>
      </Item1>
      <Item2>
        <PackageName Value="indylaz"/>
      </Item2>
      <Item3>
        <PackageName Value="ACBrTCP"/>
      </Item3>
      <Item4>
        <PackageName Value="LazControls"/>
      </Item4>
      <Item5>
        <PackageName Value="virtualtreeview_package"/>
      </Item5>
      <Item6>
        <PackageName Value="frce"/>
      </Item6>
      <Item7>
        <PackageName Value="bgracontrols"/>
      </Item7>
      <Item8>
        <PackageName Value="TurboPowerIPro"/>
      </Item8>
      <Item9>
        <PackageName Value="RunTimeTypeInfoControls"/>
      </Item9>
      <Item10>
        <PackageName Value="weblaz"/>
      </Item10>
      <Item11>
        <PackageName Value="ACBrDiversos"/>
      </Item11>
      <Item12>
        <PackageName Value="FCL"/>
      </Item12>
      <Item13>
        <PackageName Value="zcomponent"/>
      </Item13>
      <Item14>
        <PackageName Value="LCL"/>
      </Item14>
    </RequiredPackages>
    <Units Count="44">
      <Unit0>
        <Filename Value="Cluster_PDV.lpr"/>
        <IsPartOfProject Value="True"/>
      </Unit0>
      <Unit1>
        <Filename Value="form.login.pas"/>
        <IsPartOfProject Value="True"/>
        <ComponentName Value="frm_login"/>
        <HasResources Value="True"/>
        <ResourceBaseClass Value="Form"/>
      </Unit1>
      <Unit2>
        <Filename Value="udm.pas"/>
        <IsPartOfProject Value="True"/>
        <ComponentName Value="dm"/>
        <HasResources Value="True"/>
        <ResourceBaseClass Value="DataModule"/>
      </Unit2>
      <Unit3>
        <Filename Value="model/model.request.http.pas"/>
        <IsPartOfProject Value="True"/>
      </Unit3>
      <Unit4>
        <Filename Value="model/model.conexao.pas"/>
        <IsPartOfProject Value="True"/>
      </Unit4>
      <Unit5>
        <Filename Value="classes/classe.utils.pas"/>
        <IsPartOfProject Value="True"/>
      </Unit5>
      <Unit6>
        <Filename Value="model/model.login.pas"/>
        <IsPartOfProject Value="True"/>
      </Unit6>
      <Unit7>
        <Filename Value="view/form.principal.pas"/>
        <IsPartOfProject Value="True"/>
        <ComponentName Value="frmPrincipal"/>
        <HasResources Value="True"/>
        <ResourceBaseClass Value="Form"/>
      </Unit7>
      <Unit8>
        <Filename Value="view/venda/view.venda.pas"/>
        <IsPartOfProject Value="True"/>
        <ComponentName Value="frmvendabalcao"/>
        <HasResources Value="True"/>
        <ResourceBaseClass Value="Form"/>
      </Unit8>
      <Unit9>
        <Filename Value="view/filtros/view.filtros.cliente.pas"/>
        <IsPartOfProject Value="True"/>
        <ComponentName Value="frmFiltroCliente"/>
        <HasResources Value="True"/>
        <ResourceBaseClass Value="Form"/>
      </Unit9>
      <Unit10>
        <Filename Value="view/venda/view.balcao.pas"/>
        <IsPartOfProject Value="True"/>
        <ComponentName Value="frm_balcao"/>
        <HasResources Value="True"/>
        <ResourceBaseClass Value="Frame"/>
      </Unit10>
      <Unit11>
        <Filename Value="model/model.usuarios.pas"/>
        <IsPartOfProject Value="True"/>
      </Unit11>
      <Unit12>
        <Filename Value="classes/model.sinc.down.pas"/>
        <IsPartOfProject Value="True"/>
      </Unit12>
      <Unit13>
        <Filename Value="controller/controller.condicional.pas"/>
        <IsPartOfProject Value="True"/>
      </Unit13>
      <Unit14>
        <Filename Value="classes/model.request.jsons.pas"/>
        <IsPartOfProject Value="True"/>
      </Unit14>
      <Unit15>
        <Filename Value="view/uf_base.pas"/>
        <IsPartOfProject Value="True"/>
        <ComponentName Value="Form1"/>
        <HasResources Value="True"/>
        <ResourceBaseClass Value="Form"/>
      </Unit15>
      <Unit16>
        <Filename Value="view/condicional/view.condicional.filtrar.pas"/>
        <IsPartOfProject Value="True"/>
        <ComponentName Value="frm_CondicionalFIltrar"/>
        <HasResources Value="True"/>
        <ResourceBaseClass Value="Form"/>
      </Unit16>
      <Unit17>
        <Filename Value="view/frames/frame.empresa.pas"/>
        <IsPartOfProject Value="True"/>
        <ComponentName Value="Frame1"/>
        <HasResources Value="True"/>
        <ResourceBaseClass Value="Frame"/>
      </Unit17>
      <Unit18>
        <Filename Value="view/frames/frame.status.pas"/>
        <IsPartOfProject Value="True"/>
        <ComponentName Value="Frame2"/>
        <HasResources Value="True"/>
        <ResourceBaseClass Value="Frame"/>
      </Unit18>
      <Unit19>
        <Filename Value="view/condicional/view.condicional.criar.pas"/>
        <IsPartOfProject Value="True"/>
        <ComponentName Value="frmCondicionalCriar"/>
        <HasResources Value="True"/>
        <ResourceBaseClass Value="Form"/>
      </Unit19>
      <Unit20>
        <Filename Value="view/frames/frame.produto.localiza.pas"/>
        <IsPartOfProject Value="True"/>
        <ComponentName Value="frameProdutoGet"/>
        <HasResources Value="True"/>
        <ResourceBaseClass Value="Frame"/>
      </Unit20>
      <Unit21>
        <Filename Value="model/model.pessoa.pas"/>
        <IsPartOfProject Value="True"/>
      </Unit21>
      <Unit22>
        <Filename Value="classes/cluster_pdv.sessao.pas"/>
        <IsPartOfProject Value="True"/>
      </Unit22>
      <Unit23>
        <Filename Value="view/uf_aguarde.pas"/>
        <IsPartOfProject Value="True"/>
        <ComponentName Value="f_aguarde"/>
        <HasResources Value="True"/>
        <ResourceBaseClass Value="Form"/>
      </Unit23>
      <Unit24>
        <Filename Value="classes/thread.wait.pas"/>
        <IsPartOfProject Value="True"/>
      </Unit24>
      <Unit25>
        <Filename Value="classes/wcursos.pas"/>
        <IsPartOfProject Value="True"/>
      </Unit25>
      <Unit26>
        <Filename Value="view/condicional/view.condicional.pas"/>
        <IsPartOfProject Value="True"/>
        <ComponentName Value="f_condicional"/>
        <HasResources Value="True"/>
        <ResourceBaseClass Value="Form"/>
      </Unit26>
      <Unit27>
        <Filename Value="view/frames/frame.cliente.localiza.pas"/>
        <IsPartOfProject Value="True"/>
        <ComponentName Value="framePessoaGet"/>
        <HasResources Value="True"/>
        <ResourceBaseClass Value="Frame"/>
      </Unit27>
      <Unit28>
        <Filename Value="report/report.condicional.pas"/>
        <IsPartOfProject Value="True"/>
        <ComponentName Value="report_condicional"/>
        <HasResources Value="True"/>
        <ResourceBaseClass Value="Form"/>
      </Unit28>
      <Unit29>
        <Filename Value="view/venda/f_venda.pas"/>
        <IsPartOfProject Value="True"/>
        <ComponentName Value="form_venda"/>
        <HasResources Value="True"/>
        <ResourceBaseClass Value="Form"/>
      </Unit29>
      <Unit30>
        <Filename Value="controller/controller.venda.pas"/>
        <IsPartOfProject Value="True"/>
      </Unit30>
      <Unit31>
        <Filename Value="view/caixa/uf_fechamentocaixa.pas"/>
        <IsPartOfProject Value="True"/>
        <ComponentName Value="f_fechamentoCaixa"/>
        <HasResources Value="True"/>
        <ResourceBaseClass Value="Form"/>
        <UnitName Value="uf_fechamentoCaixa"/>
      </Unit31>
      <Unit32>
        <Filename Value="view/caixa/uf_saidacaixa.pas"/>
        <IsPartOfProject Value="True"/>
        <ComponentName Value="f_saidaCaixa"/>
        <HasResources Value="True"/>
        <ResourceBaseClass Value="Form"/>
        <UnitName Value="uf_saidaCaixa"/>
      </Unit32>
      <Unit33>
        <Filename Value="view/devolucao/view.devolucao.filtrar.pas"/>
        <IsPartOfProject Value="True"/>
        <ComponentName Value="f_devolucaoFiltrar"/>
        <HasResources Value="True"/>
        <ResourceBaseClass Value="Form"/>
      </Unit33>
      <Unit34>
        <Filename Value="controller/controller.devolucao.pas"/>
        <IsPartOfProject Value="True"/>
      </Unit34>
      <Unit35>
        <Filename Value="view/devolucao/view.devolucao.criar.pas"/>
        <IsPartOfProject Value="True"/>
        <ComponentName Value="f_devolucaoCriar"/>
        <HasResources Value="True"/>
        <ResourceBaseClass Value="Form"/>
      </Unit35>
      <Unit36>
        <Filename Value="view/devolucao/view.devolucao.selecao.pas"/>
        <IsPartOfProject Value="True"/>
        <ComponentName Value="f_devolucaoSeleciona"/>
        <HasResources Value="True"/>
        <ResourceBaseClass Value="Form"/>
      </Unit36>
      <Unit37>
        <Filename Value="view/uf_selecionaempresa.pas"/>
        <IsPartOfProject Value="True"/>
        <ComponentName Value="f_selecionaEmpresa"/>
        <HasResources Value="True"/>
        <ResourceBaseClass Value="Form"/>
        <UnitName Value="uf_selecionaEmpresa"/>
      </Unit37>
      <Unit38>
        <Filename Value="uf_download.pas"/>
        <IsPartOfProject Value="True"/>
        <ComponentName Value="f_download"/>
        <HasResources Value="True"/>
        <ResourceBaseClass Value="Form"/>
      </Unit38>
      <Unit39>
        <Filename Value="report/report.sangria.pas"/>
        <IsPartOfProject Value="True"/>
        <ComponentName Value="f_sangriaReport"/>
        <HasResources Value="True"/>
        <ResourceBaseClass Value="Form"/>
      </Unit39>
      <Unit40>
        <Filename Value="report/report.devolucao.pas"/>
        <IsPartOfProject Value="True"/>
        <ComponentName Value="f_devolucaoReport"/>
        <HasResources Value="True"/>
        <ResourceBaseClass Value="Form"/>
      </Unit40>
      <Unit41>
        <Filename Value="view/caixa/uf_crediario.pas"/>
        <IsPartOfProject Value="True"/>
        <ComponentName Value="f_crediario"/>
        <HasResources Value="True"/>
        <ResourceBaseClass Value="Form"/>
      </Unit41>
      <Unit42>
        <Filename Value="view/venda/uf_venda.fechamento.pas"/>
        <IsPartOfProject Value="True"/>
        <ComponentName Value="f_fechamento"/>
        <HasResources Value="True"/>
        <ResourceBaseClass Value="Form"/>
      </Unit42>
      <Unit43>
        <Filename Value="view/frames/frame.pagamento.pas"/>
        <IsPartOfProject Value="True"/>
        <ComponentName Value="framePagamento"/>
        <HasResources Value="True"/>
        <ResourceBaseClass Value="Frame"/>
      </Unit43>
    </Units>
  </ProjectOptions>
  <CompilerOptions>
    <Version Value="11"/>
    <Target>
      <Filename Value="PDV"/>
    </Target>
    <SearchPaths>
      <IncludeFiles Value="$(ProjOutDir)"/>
      <OtherUnitFiles Value="model;classes;view;view/venda;view/filtros;controller;view/condicional;view/frames;../../componentes/ems/json4delphi;../../componentes/ems/dataset-serialize-master/src;../../componentes/ems/JsonTools-master----;report;view/caixa;view/devolucao"/>
      <UnitOutputDirectory Value="lib/$(TargetCPU)-$(TargetOS)"/>
    </SearchPaths>
    <Parsing>
      <SyntaxOptions>
        <SyntaxMode Value="Delphi"/>
      </SyntaxOptions>
    </Parsing>
    <CodeGeneration>
      <TargetCPU Value="i386"/>
      <TargetOS Value="win32"/>
    </CodeGeneration>
    <Linking>
      <Debugging>
        <GenerateDebugInfo Value="False"/>
      </Debugging>
      <Options>
        <Win32>
          <GraphicApplication Value="True"/>
        </Win32>
      </Options>
    </Linking>
  </CompilerOptions>
  <Debugging>
    <Exceptions Count="33">
      <Item1>
        <Name Value="EAbort"/>
      </Item1>
      <Item2>
        <Name Value="ECodetoolError"/>
      </Item2>
      <Item3>
        <Name Value="EFOpenError"/>
      </Item3>
      <Item4>
        <Name Value="EZSQLException"/>
      </Item4>
      <Item5>
        <Name Value="EProcess"/>
      </Item5>
      <Item6>
        <Name Value="RunError(216)"/>
      </Item6>
      <Item7>
        <Name Value="EAccessViolation"/>
      </Item7>
      <Item8>
        <Name Value="EIdOSSLCouldNotLoadSSLLibrary"/>
      </Item8>
      <Item9>
        <Name Value="ESSLSocketError"/>
      </Item9>
      <Item10>
        <Name Value="RunError(232)"/>
      </Item10>
      <Item11>
        <Name Value="EJSON"/>
      </Item11>
      <Item12>
        <Name Value="EScannerError"/>
      </Item12>
      <Item13>
        <Name Value="EListError"/>
      </Item13>
      <Item14>
        <Name Value="EDatabaseError"/>
      </Item14>
      <Item15>
        <Name Value="Exception"/>
      </Item15>
      <Item16>
        <Name Value="EConvertError"/>
      </Item16>
      <Item17>
        <Name Value="EHTTPClient"/>
      </Item17>
      <Item18>
        <Name Value="Unknown"/>
      </Item18>
      <Item19>
        <Name Value="ESocketError"/>
      </Item19>
      <Item20>
        <Name Value="EReadError"/>
      </Item20>
      <Item21>
        <Name Value="EClassNotFound"/>
      </Item21>
      <Item22>
        <Name Value="EZDatabaseError"/>
      </Item22>
      <Item23>
        <Name Value="RunError(236)"/>
      </Item23>
      <Item24>
        <Name Value="EVariantTypeCastError"/>
      </Item24>
      <Item25>
        <Name Value="EFCreateError"/>
      </Item25>
      <Item26>
        <Name Value="Egzfileerror"/>
      </Item26>
      <Item27>
        <Name Value="Edecompressionerror"/>
      </Item27>
      <Item28>
        <Name Value="EJsonException"/>
      </Item28>
      <Item29>
        <Name Value="EVariantError"/>
      </Item29>
      <Item30>
        <Name Value="EInvalidOperation"/>
      </Item30>
      <Item31>
        <Name Value="FPImageException"/>
      </Item31>
      <Item32>
        <Name Value="RunError(210)"/>
      </Item32>
      <Item33>
        <Name Value="EObjectCheck"/>
      </Item33>
    </Exceptions>
  </Debugging>
</CONFIG>
